// !$*UTF8*$!
{
	archiveVersion = 1;
	classes = {
	};
	objectVersion = 56;
	objects = {

/* Begin PBXBuildFile section */
		F73021E429D7700C00BE2BC0 /* PokemonEvolution.swift in Sources */ = {isa = PBXBuildFile; fileRef = F73021E329D7700C00BE2BC0 /* PokemonEvolution.swift */; };
		F73021E629D7705E00BE2BC0 /* PokemonInformation.swift in Sources */ = {isa = PBXBuildFile; fileRef = F73021E529D7705E00BE2BC0 /* PokemonInformation.swift */; };
		F744212429C511C100AFF593 /* PokedexApp.swift in Sources */ = {isa = PBXBuildFile; fileRef = F744212329C511C100AFF593 /* PokedexApp.swift */; };
		F744212629C511C100AFF593 /* ContentView.swift in Sources */ = {isa = PBXBuildFile; fileRef = F744212529C511C100AFF593 /* ContentView.swift */; };
		F744212829C511C300AFF593 /* Assets.xcassets in Resources */ = {isa = PBXBuildFile; fileRef = F744212729C511C300AFF593 /* Assets.xcassets */; };
		F744212B29C511C300AFF593 /* Preview Assets.xcassets in Resources */ = {isa = PBXBuildFile; fileRef = F744212A29C511C300AFF593 /* Preview Assets.xcassets */; };
		F75608EC2BD9B05A0033DEC4 /* EvolutionChainModel.swift in Sources */ = {isa = PBXBuildFile; fileRef = F75608EB2BD9B05A0033DEC4 /* EvolutionChainModel.swift */; };
		F779C9442BDAB79C004DA457 /* MovementsModel.swift in Sources */ = {isa = PBXBuildFile; fileRef = F779C9432BDAB79C004DA457 /* MovementsModel.swift */; };
		F7927FE12BD8587F00643C40 /* LanguageModel.swift in Sources */ = {isa = PBXBuildFile; fileRef = F7927FE02BD8587F00643C40 /* LanguageModel.swift */; };
		F79672FF29CBB5A10091DE83 /* SpeciesDataModel.swift in Sources */ = {isa = PBXBuildFile; fileRef = F79672FE29CBB5A10091DE83 /* SpeciesDataModel.swift */; };
		F796730329CBB7B50091DE83 /* PokemonListViewModel.swift in Sources */ = {isa = PBXBuildFile; fileRef = F796730229CBB7B50091DE83 /* PokemonListViewModel.swift */; };
		F796730529CBB7DF0091DE83 /* PokemonListManager.swift in Sources */ = {isa = PBXBuildFile; fileRef = F796730429CBB7DF0091DE83 /* PokemonListManager.swift */; };
		F796730829CBC1410091DE83 /* PokemonDetailView.swift in Sources */ = {isa = PBXBuildFile; fileRef = F796730729CBC1410091DE83 /* PokemonDetailView.swift */; };
		F796730A29CBC3CA0091DE83 /* PokemonItemView.swift in Sources */ = {isa = PBXBuildFile; fileRef = F796730929CBC3CA0091DE83 /* PokemonItemView.swift */; };
		F7A0BCC229D5E9E300913BCC /* PokemonDetailViewModel.swift in Sources */ = {isa = PBXBuildFile; fileRef = F7A0BCC129D5E9E300913BCC /* PokemonDetailViewModel.swift */; };
		F7A0BCC429D5F74200913BCC /* PokemonDetailManager.swift in Sources */ = {isa = PBXBuildFile; fileRef = F7A0BCC329D5F74200913BCC /* PokemonDetailManager.swift */; };
		F7A9D2D629CE315500748F7C /* PlayerManager.swift in Sources */ = {isa = PBXBuildFile; fileRef = F7A9D2D529CE315500748F7C /* PlayerManager.swift */; };
		F7B3337C29D4A795002D56B1 /* PokemonDetailModel.swift in Sources */ = {isa = PBXBuildFile; fileRef = F7B3337B29D4A795002D56B1 /* PokemonDetailModel.swift */; };
		F7BE555C29CCAA8B006CAE3E /* UIUtils.swift in Sources */ = {isa = PBXBuildFile; fileRef = F7BE555B29CCAA8B006CAE3E /* UIUtils.swift */; };
		F7DF168629DCD8F0001C855F /* PokemonMoves.swift in Sources */ = {isa = PBXBuildFile; fileRef = F7DF168529DCD8F0001C855F /* PokemonMoves.swift */; };
		FF17B1AC2C8E5F17007E1653 /* LanguageManager.swift in Sources */ = {isa = PBXBuildFile; fileRef = FF17B1AB2C8E5F17007E1653 /* LanguageManager.swift */; };
		FF20539A2C9379FA005078B7 /* EvolutionChain.json in Resources */ = {isa = PBXBuildFile; fileRef = FF2053992C9379FA005078B7 /* EvolutionChain.json */; };
		FF5D44172C9399FA00B5B2B8 /* Pokemon.ttf in Resources */ = {isa = PBXBuildFile; fileRef = FF5D44162C9399FA00B5B2B8 /* Pokemon.ttf */; };
		FF79249E2CB1EF2600442090 /* SkeletonView.swift in Sources */ = {isa = PBXBuildFile; fileRef = FF79249D2CB1EF2600442090 /* SkeletonView.swift */; };
		FF7D7E392C91FCEF0011BBE7 /* PokemonMoves.json in Resources */ = {isa = PBXBuildFile; fileRef = FF7D7E382C91FCEF0011BBE7 /* PokemonMoves.json */; };
		FF7D7E3B2C9224870011BBE7 /* Species.json in Resources */ = {isa = PBXBuildFile; fileRef = FF7D7E3A2C9224870011BBE7 /* Species.json */; };
		FF7D7E3D2C9225FE0011BBE7 /* PokemonEvolutionManager.swift in Sources */ = {isa = PBXBuildFile; fileRef = FF7D7E3C2C9225FE0011BBE7 /* PokemonEvolutionManager.swift */; };
		FF8797DD2C92563B00F4BA35 /* Helpers.swift in Sources */ = {isa = PBXBuildFile; fileRef = FF8797DC2C92563B00F4BA35 /* Helpers.swift */; };
		FF90512C2C90D67C0010B74F /* JSONManager.swift in Sources */ = {isa = PBXBuildFile; fileRef = FF90512B2C90D67C0010B74F /* JSONManager.swift */; };
		FF9051322C90DDE30010B74F /* PokemonDetails.json in Resources */ = {isa = PBXBuildFile; fileRef = FF9051312C90DDE30010B74F /* PokemonDetails.json */; };
		FF9051342C90EEBB0010B74F /* PokemonMovesManager.swift in Sources */ = {isa = PBXBuildFile; fileRef = FF9051332C90EEBB0010B74F /* PokemonMovesManager.swift */; };
		FF9051382C90F4BA0010B74F /* MoveDetails.json in Resources */ = {isa = PBXBuildFile; fileRef = FF9051362C90F4BA0010B74F /* MoveDetails.json */; };
		FF9EB58F2CB0B72400D4FA0C /* PokemonNaturesViewModel.swift in Sources */ = {isa = PBXBuildFile; fileRef = FF9EB58E2CB0B72400D4FA0C /* PokemonNaturesViewModel.swift */; };
		FF9EB5912CB0B75300D4FA0C /* PokemonNaturesManager.swift in Sources */ = {isa = PBXBuildFile; fileRef = FF9EB5902CB0B75300D4FA0C /* PokemonNaturesManager.swift */; };
		FF9EB5932CB0B89700D4FA0C /* Natures.json in Resources */ = {isa = PBXBuildFile; fileRef = FF9EB5922CB0B89700D4FA0C /* Natures.json */; };
		FF9EB5952CB0B8F100D4FA0C /* NaturesModel.swift in Sources */ = {isa = PBXBuildFile; fileRef = FF9EB5942CB0B8F100D4FA0C /* NaturesModel.swift */; };
		FF9EB5972CB0BAF200D4FA0C /* NaturesView.swift in Sources */ = {isa = PBXBuildFile; fileRef = FF9EB5962CB0BAF200D4FA0C /* NaturesView.swift */; };
/* End PBXBuildFile section */

/* Begin PBXFileReference section */
		F73021E329D7700C00BE2BC0 /* PokemonEvolution.swift */ = {isa = PBXFileReference; lastKnownFileType = sourcecode.swift; path = PokemonEvolution.swift; sourceTree = "<group>"; };
		F73021E529D7705E00BE2BC0 /* PokemonInformation.swift */ = {isa = PBXFileReference; lastKnownFileType = sourcecode.swift; path = PokemonInformation.swift; sourceTree = "<group>"; };
		F744212029C511C100AFF593 /* Pokedex.app */ = {isa = PBXFileReference; explicitFileType = wrapper.application; includeInIndex = 0; path = Pokedex.app; sourceTree = BUILT_PRODUCTS_DIR; };
		F744212329C511C100AFF593 /* PokedexApp.swift */ = {isa = PBXFileReference; lastKnownFileType = sourcecode.swift; path = PokedexApp.swift; sourceTree = "<group>"; };
		F744212529C511C100AFF593 /* ContentView.swift */ = {isa = PBXFileReference; lastKnownFileType = sourcecode.swift; path = ContentView.swift; sourceTree = "<group>"; };
		F744212729C511C300AFF593 /* Assets.xcassets */ = {isa = PBXFileReference; lastKnownFileType = folder.assetcatalog; path = Assets.xcassets; sourceTree = "<group>"; };
		F744212A29C511C300AFF593 /* Preview Assets.xcassets */ = {isa = PBXFileReference; lastKnownFileType = folder.assetcatalog; path = "Preview Assets.xcassets"; sourceTree = "<group>"; };
		F75608EB2BD9B05A0033DEC4 /* EvolutionChainModel.swift */ = {isa = PBXFileReference; lastKnownFileType = sourcecode.swift; path = EvolutionChainModel.swift; sourceTree = "<group>"; };
		F779C9432BDAB79C004DA457 /* MovementsModel.swift */ = {isa = PBXFileReference; lastKnownFileType = sourcecode.swift; path = MovementsModel.swift; sourceTree = "<group>"; };
		F7927FE02BD8587F00643C40 /* LanguageModel.swift */ = {isa = PBXFileReference; lastKnownFileType = sourcecode.swift; path = LanguageModel.swift; sourceTree = "<group>"; };
		F79672FE29CBB5A10091DE83 /* SpeciesDataModel.swift */ = {isa = PBXFileReference; lastKnownFileType = sourcecode.swift; path = SpeciesDataModel.swift; sourceTree = "<group>"; };
		F796730229CBB7B50091DE83 /* PokemonListViewModel.swift */ = {isa = PBXFileReference; lastKnownFileType = sourcecode.swift; path = PokemonListViewModel.swift; sourceTree = "<group>"; };
		F796730429CBB7DF0091DE83 /* PokemonListManager.swift */ = {isa = PBXFileReference; lastKnownFileType = sourcecode.swift; path = PokemonListManager.swift; sourceTree = "<group>"; };
		F796730729CBC1410091DE83 /* PokemonDetailView.swift */ = {isa = PBXFileReference; lastKnownFileType = sourcecode.swift; path = PokemonDetailView.swift; sourceTree = "<group>"; };
		F796730929CBC3CA0091DE83 /* PokemonItemView.swift */ = {isa = PBXFileReference; lastKnownFileType = sourcecode.swift; path = PokemonItemView.swift; sourceTree = "<group>"; };
		F7A0BCC129D5E9E300913BCC /* PokemonDetailViewModel.swift */ = {isa = PBXFileReference; lastKnownFileType = sourcecode.swift; path = PokemonDetailViewModel.swift; sourceTree = "<group>"; };
		F7A0BCC329D5F74200913BCC /* PokemonDetailManager.swift */ = {isa = PBXFileReference; lastKnownFileType = sourcecode.swift; path = PokemonDetailManager.swift; sourceTree = "<group>"; };
		F7A9D2D529CE315500748F7C /* PlayerManager.swift */ = {isa = PBXFileReference; fileEncoding = 4; lastKnownFileType = sourcecode.swift; path = PlayerManager.swift; sourceTree = "<group>"; };
		F7B3337B29D4A795002D56B1 /* PokemonDetailModel.swift */ = {isa = PBXFileReference; lastKnownFileType = sourcecode.swift; path = PokemonDetailModel.swift; sourceTree = "<group>"; };
		F7BE555B29CCAA8B006CAE3E /* UIUtils.swift */ = {isa = PBXFileReference; lastKnownFileType = sourcecode.swift; path = UIUtils.swift; sourceTree = "<group>"; };
		F7DF168529DCD8F0001C855F /* PokemonMoves.swift */ = {isa = PBXFileReference; lastKnownFileType = sourcecode.swift; path = PokemonMoves.swift; sourceTree = "<group>"; };
		FF17B1AB2C8E5F17007E1653 /* LanguageManager.swift */ = {isa = PBXFileReference; lastKnownFileType = sourcecode.swift; path = LanguageManager.swift; sourceTree = "<group>"; };
		FF2053992C9379FA005078B7 /* EvolutionChain.json */ = {isa = PBXFileReference; fileEncoding = 4; lastKnownFileType = text.json; path = EvolutionChain.json; sourceTree = "<group>"; };
		FF5D44162C9399FA00B5B2B8 /* Pokemon.ttf */ = {isa = PBXFileReference; lastKnownFileType = file; path = Pokemon.ttf; sourceTree = "<group>"; };
		FF79249D2CB1EF2600442090 /* SkeletonView.swift */ = {isa = PBXFileReference; lastKnownFileType = sourcecode.swift; path = SkeletonView.swift; sourceTree = "<group>"; };
		FF7D7E382C91FCEF0011BBE7 /* PokemonMoves.json */ = {isa = PBXFileReference; fileEncoding = 4; lastKnownFileType = text.json; path = PokemonMoves.json; sourceTree = "<group>"; };
		FF7D7E3A2C9224870011BBE7 /* Species.json */ = {isa = PBXFileReference; fileEncoding = 4; lastKnownFileType = text.json; path = Species.json; sourceTree = "<group>"; };
		FF7D7E3C2C9225FE0011BBE7 /* PokemonEvolutionManager.swift */ = {isa = PBXFileReference; lastKnownFileType = sourcecode.swift; path = PokemonEvolutionManager.swift; sourceTree = "<group>"; };
		FF8797DC2C92563B00F4BA35 /* Helpers.swift */ = {isa = PBXFileReference; fileEncoding = 4; lastKnownFileType = sourcecode.swift; path = Helpers.swift; sourceTree = "<group>"; };
		FF90512B2C90D67C0010B74F /* JSONManager.swift */ = {isa = PBXFileReference; lastKnownFileType = sourcecode.swift; path = JSONManager.swift; sourceTree = "<group>"; };
		FF9051312C90DDE30010B74F /* PokemonDetails.json */ = {isa = PBXFileReference; fileEncoding = 4; lastKnownFileType = text.json; path = PokemonDetails.json; sourceTree = "<group>"; };
		FF9051332C90EEBB0010B74F /* PokemonMovesManager.swift */ = {isa = PBXFileReference; lastKnownFileType = sourcecode.swift; path = PokemonMovesManager.swift; sourceTree = "<group>"; };
		FF9051362C90F4BA0010B74F /* MoveDetails.json */ = {isa = PBXFileReference; fileEncoding = 4; lastKnownFileType = text.json; path = MoveDetails.json; sourceTree = "<group>"; };
		FF9EB58E2CB0B72400D4FA0C /* PokemonNaturesViewModel.swift */ = {isa = PBXFileReference; lastKnownFileType = sourcecode.swift; path = PokemonNaturesViewModel.swift; sourceTree = "<group>"; };
		FF9EB5902CB0B75300D4FA0C /* PokemonNaturesManager.swift */ = {isa = PBXFileReference; lastKnownFileType = sourcecode.swift; path = PokemonNaturesManager.swift; sourceTree = "<group>"; };
		FF9EB5922CB0B89700D4FA0C /* Natures.json */ = {isa = PBXFileReference; fileEncoding = 4; lastKnownFileType = text.json; path = Natures.json; sourceTree = "<group>"; };
		FF9EB5942CB0B8F100D4FA0C /* NaturesModel.swift */ = {isa = PBXFileReference; lastKnownFileType = sourcecode.swift; path = NaturesModel.swift; sourceTree = "<group>"; };
		FF9EB5962CB0BAF200D4FA0C /* NaturesView.swift */ = {isa = PBXFileReference; lastKnownFileType = sourcecode.swift; path = NaturesView.swift; sourceTree = "<group>"; };
/* End PBXFileReference section */

/* Begin PBXFrameworksBuildPhase section */
		F744211D29C511C100AFF593 /* Frameworks */ = {
			isa = PBXFrameworksBuildPhase;
			buildActionMask = 2147483647;
			files = (
			);
			runOnlyForDeploymentPostprocessing = 0;
		};
/* End PBXFrameworksBuildPhase section */

/* Begin PBXGroup section */
		F73021E229D76FF000BE2BC0 /* DetailData */ = {
			isa = PBXGroup;
			children = (
				F73021E529D7705E00BE2BC0 /* PokemonInformation.swift */,
				F73021E329D7700C00BE2BC0 /* PokemonEvolution.swift */,
				F7DF168529DCD8F0001C855F /* PokemonMoves.swift */,
			);
			path = DetailData;
			sourceTree = "<group>";
		};
		F744211729C511C000AFF593 = {
			isa = PBXGroup;
			children = (
				F744212229C511C100AFF593 /* Pokedex */,
				F744212129C511C100AFF593 /* Products */,
			);
			sourceTree = "<group>";
		};
		F744212129C511C100AFF593 /* Products */ = {
			isa = PBXGroup;
			children = (
				F744212029C511C100AFF593 /* Pokedex.app */,
			);
			name = Products;
			sourceTree = "<group>";
		};
		F744212229C511C100AFF593 /* Pokedex */ = {
			isa = PBXGroup;
			children = (
				F79672FD29CBB5930091DE83 /* Models */,
				F796730629CBC0E40091DE83 /* Views */,
				F796730029CBB7910091DE83 /* ViewModels */,
				F796730129CBB7A10091DE83 /* Managers */,
				FF8797DB2C92562700F4BA35 /* Helpers */,
				F7BE556829CCE760006CAE3E /* Resources */,
				F744212329C511C100AFF593 /* PokedexApp.swift */,
				F744212929C511C300AFF593 /* Preview Content */,
			);
			path = Pokedex;
			sourceTree = "<group>";
		};
		F744212929C511C300AFF593 /* Preview Content */ = {
			isa = PBXGroup;
			children = (
				F744212A29C511C300AFF593 /* Preview Assets.xcassets */,
			);
			path = "Preview Content";
			sourceTree = "<group>";
		};
		F79672FD29CBB5930091DE83 /* Models */ = {
			isa = PBXGroup;
			children = (
				F79672FE29CBB5A10091DE83 /* SpeciesDataModel.swift */,
				F7B3337B29D4A795002D56B1 /* PokemonDetailModel.swift */,
				F75608EB2BD9B05A0033DEC4 /* EvolutionChainModel.swift */,
				F779C9432BDAB79C004DA457 /* MovementsModel.swift */,
				F7927FE02BD8587F00643C40 /* LanguageModel.swift */,
				FF9EB5942CB0B8F100D4FA0C /* NaturesModel.swift */,
			);
			path = Models;
			sourceTree = "<group>";
		};
		F796730029CBB7910091DE83 /* ViewModels */ = {
			isa = PBXGroup;
			children = (
				F796730229CBB7B50091DE83 /* PokemonListViewModel.swift */,
				F7A0BCC129D5E9E300913BCC /* PokemonDetailViewModel.swift */,
				FF9EB58E2CB0B72400D4FA0C /* PokemonNaturesViewModel.swift */,
			);
			path = ViewModels;
			sourceTree = "<group>";
		};
		F796730129CBB7A10091DE83 /* Managers */ = {
			isa = PBXGroup;
			children = (
				F796730429CBB7DF0091DE83 /* PokemonListManager.swift */,
				F7A0BCC329D5F74200913BCC /* PokemonDetailManager.swift */,
				FF9051332C90EEBB0010B74F /* PokemonMovesManager.swift */,
				FF9EB5902CB0B75300D4FA0C /* PokemonNaturesManager.swift */,
				FF7D7E3C2C9225FE0011BBE7 /* PokemonEvolutionManager.swift */,
				FF17B1AB2C8E5F17007E1653 /* LanguageManager.swift */,
				F7A9D2D529CE315500748F7C /* PlayerManager.swift */,
				FF90512B2C90D67C0010B74F /* JSONManager.swift */,
			);
			path = Managers;
			sourceTree = "<group>";
		};
		F796730629CBC0E40091DE83 /* Views */ = {
			isa = PBXGroup;
			children = (
				F73021E229D76FF000BE2BC0 /* DetailData */,
				F744212529C511C100AFF593 /* ContentView.swift */,
				F796730929CBC3CA0091DE83 /* PokemonItemView.swift */,
				F796730729CBC1410091DE83 /* PokemonDetailView.swift */,
				FF9EB5962CB0BAF200D4FA0C /* NaturesView.swift */,
				F7BE555B29CCAA8B006CAE3E /* UIUtils.swift */,
				FF79249D2CB1EF2600442090 /* SkeletonView.swift */,
			);
			path = Views;
			sourceTree = "<group>";
		};
		F7BE555D29CCB5DB006CAE3E /* Fonts */ = {
			isa = PBXGroup;
			children = (
				FF5D44162C9399FA00B5B2B8 /* Pokemon.ttf */,
			);
			path = Fonts;
			sourceTree = "<group>";
		};
		F7BE556829CCE760006CAE3E /* Resources */ = {
			isa = PBXGroup;
			children = (
				F744212729C511C300AFF593 /* Assets.xcassets */,
				FF9051362C90F4BA0010B74F /* MoveDetails.json */,
				FF9051312C90DDE30010B74F /* PokemonDetails.json */,
				FF7D7E382C91FCEF0011BBE7 /* PokemonMoves.json */,
				FF2053992C9379FA005078B7 /* EvolutionChain.json */,
				FF7D7E3A2C9224870011BBE7 /* Species.json */,
				FF9EB5922CB0B89700D4FA0C /* Natures.json */,
				F7BE555D29CCB5DB006CAE3E /* Fonts */,
			);
			path = Resources;
			sourceTree = "<group>";
		};
		FF8797DB2C92562700F4BA35 /* Helpers */ = {
			isa = PBXGroup;
			children = (
				FF8797DC2C92563B00F4BA35 /* Helpers.swift */,
			);
			path = Helpers;
			sourceTree = "<group>";
		};
/* End PBXGroup section */

/* Begin PBXNativeTarget section */
		F744211F29C511C100AFF593 /* Pokedex */ = {
			isa = PBXNativeTarget;
			buildConfigurationList = F744212E29C511C300AFF593 /* Build configuration list for PBXNativeTarget "Pokedex" */;
			buildPhases = (
				F744211C29C511C100AFF593 /* Sources */,
				F744211D29C511C100AFF593 /* Frameworks */,
				F744211E29C511C100AFF593 /* Resources */,
			);
			buildRules = (
			);
			dependencies = (
			);
			name = Pokedex;
			packageProductDependencies = (
			);
			productName = pokedex;
			productReference = F744212029C511C100AFF593 /* Pokedex.app */;
			productType = "com.apple.product-type.application";
		};
/* End PBXNativeTarget section */

/* Begin PBXProject section */
		F744211829C511C000AFF593 /* Project object */ = {
			isa = PBXProject;
			attributes = {
				BuildIndependentTargetsInParallel = 1;
				LastSwiftUpdateCheck = 1420;
				LastUpgradeCheck = 1420;
				TargetAttributes = {
					F744211F29C511C100AFF593 = {
						CreatedOnToolsVersion = 14.2;
					};
				};
			};
			buildConfigurationList = F744211B29C511C000AFF593 /* Build configuration list for PBXProject "Pokedex" */;
			compatibilityVersion = "Xcode 14.0";
			developmentRegion = en;
			hasScannedForEncodings = 0;
			knownRegions = (
				en,
				Base,
			);
			mainGroup = F744211729C511C000AFF593;
			packageReferences = (
			);
			productRefGroup = F744212129C511C100AFF593 /* Products */;
			projectDirPath = "";
			projectRoot = "";
			targets = (
				F744211F29C511C100AFF593 /* Pokedex */,
			);
		};
/* End PBXProject section */

/* Begin PBXResourcesBuildPhase section */
		F744211E29C511C100AFF593 /* Resources */ = {
			isa = PBXResourcesBuildPhase;
			buildActionMask = 2147483647;
			files = (
				FF7D7E392C91FCEF0011BBE7 /* PokemonMoves.json in Resources */,
				FF5D44172C9399FA00B5B2B8 /* Pokemon.ttf in Resources */,
				FF9EB5932CB0B89700D4FA0C /* Natures.json in Resources */,
				F744212B29C511C300AFF593 /* Preview Assets.xcassets in Resources */,
				FF20539A2C9379FA005078B7 /* EvolutionChain.json in Resources */,
				FF9051322C90DDE30010B74F /* PokemonDetails.json in Resources */,
				F744212829C511C300AFF593 /* Assets.xcassets in Resources */,
				FF9051382C90F4BA0010B74F /* MoveDetails.json in Resources */,
				FF7D7E3B2C9224870011BBE7 /* Species.json in Resources */,
			);
			runOnlyForDeploymentPostprocessing = 0;
		};
/* End PBXResourcesBuildPhase section */

/* Begin PBXSourcesBuildPhase section */
		F744211C29C511C100AFF593 /* Sources */ = {
			isa = PBXSourcesBuildPhase;
			buildActionMask = 2147483647;
			files = (
				FF9EB5912CB0B75300D4FA0C /* PokemonNaturesManager.swift in Sources */,
				FF79249E2CB1EF2600442090 /* SkeletonView.swift in Sources */,
				F7A9D2D629CE315500748F7C /* PlayerManager.swift in Sources */,
				FF90512C2C90D67C0010B74F /* JSONManager.swift in Sources */,
				F7B3337C29D4A795002D56B1 /* PokemonDetailModel.swift in Sources */,
				F7DF168629DCD8F0001C855F /* PokemonMoves.swift in Sources */,
				FF8797DD2C92563B00F4BA35 /* Helpers.swift in Sources */,
				F796730529CBB7DF0091DE83 /* PokemonListManager.swift in Sources */,
				F796730A29CBC3CA0091DE83 /* PokemonItemView.swift in Sources */,
				FF7D7E3D2C9225FE0011BBE7 /* PokemonEvolutionManager.swift in Sources */,
				F7BE555C29CCAA8B006CAE3E /* UIUtils.swift in Sources */,
				F744212629C511C100AFF593 /* ContentView.swift in Sources */,
				F744212429C511C100AFF593 /* PokedexApp.swift in Sources */,
				FF9EB5952CB0B8F100D4FA0C /* NaturesModel.swift in Sources */,
				F73021E629D7705E00BE2BC0 /* PokemonInformation.swift in Sources */,
				F779C9442BDAB79C004DA457 /* MovementsModel.swift in Sources */,
				F75608EC2BD9B05A0033DEC4 /* EvolutionChainModel.swift in Sources */,
				F73021E429D7700C00BE2BC0 /* PokemonEvolution.swift in Sources */,
				F79672FF29CBB5A10091DE83 /* SpeciesDataModel.swift in Sources */,
				F796730329CBB7B50091DE83 /* PokemonListViewModel.swift in Sources */,
				FF17B1AC2C8E5F17007E1653 /* LanguageManager.swift in Sources */,
				FF9EB5972CB0BAF200D4FA0C /* NaturesView.swift in Sources */,
				F7A0BCC429D5F74200913BCC /* PokemonDetailManager.swift in Sources */,
				F7927FE12BD8587F00643C40 /* LanguageModel.swift in Sources */,
				F796730829CBC1410091DE83 /* PokemonDetailView.swift in Sources */,
				FF9051342C90EEBB0010B74F /* PokemonMovesManager.swift in Sources */,
				F7A0BCC229D5E9E300913BCC /* PokemonDetailViewModel.swift in Sources */,
				FF9EB58F2CB0B72400D4FA0C /* PokemonNaturesViewModel.swift in Sources */,
			);
			runOnlyForDeploymentPostprocessing = 0;
		};
/* End PBXSourcesBuildPhase section */

/* Begin XCBuildConfiguration section */
		F744212C29C511C300AFF593 /* Debug */ = {
			isa = XCBuildConfiguration;
			buildSettings = {
				ALWAYS_SEARCH_USER_PATHS = NO;
				CLANG_ANALYZER_NONNULL = YES;
				CLANG_ANALYZER_NUMBER_OBJECT_CONVERSION = YES_AGGRESSIVE;
				CLANG_CXX_LANGUAGE_STANDARD = "gnu++20";
				CLANG_ENABLE_MODULES = YES;
				CLANG_ENABLE_OBJC_ARC = YES;
				CLANG_ENABLE_OBJC_WEAK = YES;
				CLANG_WARN_BLOCK_CAPTURE_AUTORELEASING = YES;
				CLANG_WARN_BOOL_CONVERSION = YES;
				CLANG_WARN_COMMA = YES;
				CLANG_WARN_CONSTANT_CONVERSION = YES;
				CLANG_WARN_DEPRECATED_OBJC_IMPLEMENTATIONS = YES;
				CLANG_WARN_DIRECT_OBJC_ISA_USAGE = YES_ERROR;
				CLANG_WARN_DOCUMENTATION_COMMENTS = YES;
				CLANG_WARN_EMPTY_BODY = YES;
				CLANG_WARN_ENUM_CONVERSION = YES;
				CLANG_WARN_INFINITE_RECURSION = YES;
				CLANG_WARN_INT_CONVERSION = YES;
				CLANG_WARN_NON_LITERAL_NULL_CONVERSION = YES;
				CLANG_WARN_OBJC_IMPLICIT_RETAIN_SELF = YES;
				CLANG_WARN_OBJC_LITERAL_CONVERSION = YES;
				CLANG_WARN_OBJC_ROOT_CLASS = YES_ERROR;
				CLANG_WARN_QUOTED_INCLUDE_IN_FRAMEWORK_HEADER = YES;
				CLANG_WARN_RANGE_LOOP_ANALYSIS = YES;
				CLANG_WARN_STRICT_PROTOTYPES = YES;
				CLANG_WARN_SUSPICIOUS_MOVE = YES;
				CLANG_WARN_UNGUARDED_AVAILABILITY = YES_AGGRESSIVE;
				CLANG_WARN_UNREACHABLE_CODE = YES;
				CLANG_WARN__DUPLICATE_METHOD_MATCH = YES;
				COPY_PHASE_STRIP = NO;
				DEBUG_INFORMATION_FORMAT = dwarf;
				ENABLE_STRICT_OBJC_MSGSEND = YES;
				ENABLE_TESTABILITY = YES;
				GCC_C_LANGUAGE_STANDARD = gnu11;
				GCC_DYNAMIC_NO_PIC = NO;
				GCC_NO_COMMON_BLOCKS = YES;
				GCC_OPTIMIZATION_LEVEL = 0;
				GCC_PREPROCESSOR_DEFINITIONS = (
					"DEBUG=1",
					"$(inherited)",
				);
				GCC_WARN_64_TO_32_BIT_CONVERSION = YES;
				GCC_WARN_ABOUT_RETURN_TYPE = YES_ERROR;
				GCC_WARN_UNDECLARED_SELECTOR = YES;
				GCC_WARN_UNINITIALIZED_AUTOS = YES_AGGRESSIVE;
				GCC_WARN_UNUSED_FUNCTION = YES;
				GCC_WARN_UNUSED_VARIABLE = YES;
				IPHONEOS_DEPLOYMENT_TARGET = 15.6;
				MTL_ENABLE_DEBUG_INFO = INCLUDE_SOURCE;
				MTL_FAST_MATH = YES;
				ONLY_ACTIVE_ARCH = YES;
				SDKROOT = iphoneos;
				SWIFT_ACTIVE_COMPILATION_CONDITIONS = DEBUG;
				SWIFT_OPTIMIZATION_LEVEL = "-Onone";
			};
			name = Debug;
		};
		F744212D29C511C300AFF593 /* Release */ = {
			isa = XCBuildConfiguration;
			buildSettings = {
				ALWAYS_SEARCH_USER_PATHS = NO;
				CLANG_ANALYZER_NONNULL = YES;
				CLANG_ANALYZER_NUMBER_OBJECT_CONVERSION = YES_AGGRESSIVE;
				CLANG_CXX_LANGUAGE_STANDARD = "gnu++20";
				CLANG_ENABLE_MODULES = YES;
				CLANG_ENABLE_OBJC_ARC = YES;
				CLANG_ENABLE_OBJC_WEAK = YES;
				CLANG_WARN_BLOCK_CAPTURE_AUTORELEASING = YES;
				CLANG_WARN_BOOL_CONVERSION = YES;
				CLANG_WARN_COMMA = YES;
				CLANG_WARN_CONSTANT_CONVERSION = YES;
				CLANG_WARN_DEPRECATED_OBJC_IMPLEMENTATIONS = YES;
				CLANG_WARN_DIRECT_OBJC_ISA_USAGE = YES_ERROR;
				CLANG_WARN_DOCUMENTATION_COMMENTS = YES;
				CLANG_WARN_EMPTY_BODY = YES;
				CLANG_WARN_ENUM_CONVERSION = YES;
				CLANG_WARN_INFINITE_RECURSION = YES;
				CLANG_WARN_INT_CONVERSION = YES;
				CLANG_WARN_NON_LITERAL_NULL_CONVERSION = YES;
				CLANG_WARN_OBJC_IMPLICIT_RETAIN_SELF = YES;
				CLANG_WARN_OBJC_LITERAL_CONVERSION = YES;
				CLANG_WARN_OBJC_ROOT_CLASS = YES_ERROR;
				CLANG_WARN_QUOTED_INCLUDE_IN_FRAMEWORK_HEADER = YES;
				CLANG_WARN_RANGE_LOOP_ANALYSIS = YES;
				CLANG_WARN_STRICT_PROTOTYPES = YES;
				CLANG_WARN_SUSPICIOUS_MOVE = YES;
				CLANG_WARN_UNGUARDED_AVAILABILITY = YES_AGGRESSIVE;
				CLANG_WARN_UNREACHABLE_CODE = YES;
				CLANG_WARN__DUPLICATE_METHOD_MATCH = YES;
				COPY_PHASE_STRIP = NO;
				DEBUG_INFORMATION_FORMAT = "dwarf-with-dsym";
				ENABLE_NS_ASSERTIONS = NO;
				ENABLE_STRICT_OBJC_MSGSEND = YES;
				GCC_C_LANGUAGE_STANDARD = gnu11;
				GCC_NO_COMMON_BLOCKS = YES;
				GCC_WARN_64_TO_32_BIT_CONVERSION = YES;
				GCC_WARN_ABOUT_RETURN_TYPE = YES_ERROR;
				GCC_WARN_UNDECLARED_SELECTOR = YES;
				GCC_WARN_UNINITIALIZED_AUTOS = YES_AGGRESSIVE;
				GCC_WARN_UNUSED_FUNCTION = YES;
				GCC_WARN_UNUSED_VARIABLE = YES;
				IPHONEOS_DEPLOYMENT_TARGET = 15.6;
				MTL_ENABLE_DEBUG_INFO = NO;
				MTL_FAST_MATH = YES;
				SDKROOT = iphoneos;
				SWIFT_COMPILATION_MODE = wholemodule;
				SWIFT_OPTIMIZATION_LEVEL = "-O";
				VALIDATE_PRODUCT = YES;
			};
			name = Release;
		};
		F744212F29C511C300AFF593 /* Debug */ = {
			isa = XCBuildConfiguration;
			buildSettings = {
				ASSETCATALOG_COMPILER_APPICON_NAME = AppIcon;
				ASSETCATALOG_COMPILER_GLOBAL_ACCENT_COLOR_NAME = AccentColor;
				CODE_SIGN_STYLE = Automatic;
				CURRENT_PROJECT_VERSION = 1;
				DEVELOPMENT_ASSET_PATHS = "\"pokedex/Preview Content\"";
				DEVELOPMENT_TEAM = 94Z8KLU8Z2;
				ENABLE_PREVIEWS = YES;
				GENERATE_INFOPLIST_FILE = YES;
				INFOPLIST_FILE = pokedex/Info.plist;
				INFOPLIST_KEY_UIApplicationSceneManifest_Generation = YES;
				INFOPLIST_KEY_UIApplicationSupportsIndirectInputEvents = YES;
				INFOPLIST_KEY_UILaunchScreen_Generation = YES;
				INFOPLIST_KEY_UISupportedInterfaceOrientations_iPad = "UIInterfaceOrientationPortrait UIInterfaceOrientationPortraitUpsideDown UIInterfaceOrientationLandscapeLeft UIInterfaceOrientationLandscapeRight";
				INFOPLIST_KEY_UISupportedInterfaceOrientations_iPhone = "UIInterfaceOrientationPortrait UIInterfaceOrientationLandscapeLeft UIInterfaceOrientationLandscapeRight";
				IPHONEOS_DEPLOYMENT_TARGET = 16.0;
				LD_RUNPATH_SEARCH_PATHS = (
					"$(inherited)",
					"@executable_path/Frameworks",
				);
				MARKETING_VERSION = 1.0;
				PRODUCT_BUNDLE_IDENTIFIER = com.bobrek.pokedex;
				PRODUCT_NAME = "$(TARGET_NAME)";
				SWIFT_EMIT_LOC_STRINGS = YES;
				SWIFT_VERSION = 5.0;
				TARGETED_DEVICE_FAMILY = "1,2";
			};
			name = Debug;
		};
		F744213029C511C300AFF593 /* Release */ = {
			isa = XCBuildConfiguration;
			buildSettings = {
				ASSETCATALOG_COMPILER_APPICON_NAME = AppIcon;
				ASSETCATALOG_COMPILER_GLOBAL_ACCENT_COLOR_NAME = AccentColor;
				CODE_SIGN_STYLE = Automatic;
				CURRENT_PROJECT_VERSION = 1;
				DEVELOPMENT_ASSET_PATHS = "\"pokedex/Preview Content\"";
				DEVELOPMENT_TEAM = 94Z8KLU8Z2;
				ENABLE_PREVIEWS = YES;
				GENERATE_INFOPLIST_FILE = YES;
				INFOPLIST_FILE = pokedex/Info.plist;
				INFOPLIST_KEY_UIApplicationSceneManifest_Generation = YES;
				INFOPLIST_KEY_UIApplicationSupportsIndirectInputEvents = YES;
				INFOPLIST_KEY_UILaunchScreen_Generation = YES;
				INFOPLIST_KEY_UISupportedInterfaceOrientations_iPad = "UIInterfaceOrientationPortrait UIInterfaceOrientationPortraitUpsideDown UIInterfaceOrientationLandscapeLeft UIInterfaceOrientationLandscapeRight";
				INFOPLIST_KEY_UISupportedInterfaceOrientations_iPhone = "UIInterfaceOrientationPortrait UIInterfaceOrientationLandscapeLeft UIInterfaceOrientationLandscapeRight";
				IPHONEOS_DEPLOYMENT_TARGET = 16.0;
				LD_RUNPATH_SEARCH_PATHS = (
					"$(inherited)",
					"@executable_path/Frameworks",
				);
				MARKETING_VERSION = 1.0;
				PRODUCT_BUNDLE_IDENTIFIER = com.bobrek.pokedex;
				PRODUCT_NAME = "$(TARGET_NAME)";
				SWIFT_EMIT_LOC_STRINGS = YES;
				SWIFT_VERSION = 5.0;
				TARGETED_DEVICE_FAMILY = "1,2";
			};
			name = Release;
		};
/* End XCBuildConfiguration section */

/* Begin XCConfigurationList section */
		F744211B29C511C000AFF593 /* Build configuration list for PBXProject "Pokedex" */ = {
			isa = XCConfigurationList;
			buildConfigurations = (
				F744212C29C511C300AFF593 /* Debug */,
				F744212D29C511C300AFF593 /* Release */,
			);
			defaultConfigurationIsVisible = 0;
			defaultConfigurationName = Release;
		};
		F744212E29C511C300AFF593 /* Build configuration list for PBXNativeTarget "Pokedex" */ = {
			isa = XCConfigurationList;
			buildConfigurations = (
				F744212F29C511C300AFF593 /* Debug */,
				F744213029C511C300AFF593 /* Release */,
			);
			defaultConfigurationIsVisible = 0;
			defaultConfigurationName = Release;
		};
/* End XCConfigurationList section */
	};
	rootObject = F744211829C511C000AFF593 /* Project object */;
}
